
Microsoft Visual Studio Solution File, Format Version 12.00
# Visual Studio Version 16
VisualStudioVersion = 16.0.29911.84
MinimumVisualStudioVersion = 10.0.40219.1
Project("{FAE04EC0-301F-11D3-BF4B-00C04F79EFBC}") = "DesignPatterns", "DesignPatterns\DesignPatterns.csproj", "{05381F65-D75C-41E1-B12D-6FB7F1A4AFAE}"
EndProject
Global
	GlobalSection(SolutionConfigurationPlatforms) = preSolution
		Debug|Any CPU = Debug|Any CPU
		Release|Any CPU = Release|Any CPU
	EndGlobalSection
	GlobalSection(ProjectConfigurationPlatforms) = postSolution
		{05381F65-D75C-41E1-B12D-6FB7F1A4AFAE}.Debug|Any CPU.ActiveCfg = Debug|Any CPU
		{05381F65-D75C-41E1-B12D-6FB7F1A4AFAE}.Debug|Any CPU.Build.0 = Debug|Any CPU
		{05381F65-D75C-41E1-B12D-6FB7F1A4AFAE}.Release|Any CPU.ActiveCfg = Release|Any CPU
		{05381F65-D75C-41E1-B12D-6FB7F1A4AFAE}.Release|Any CPU.Build.0 = Release|Any CPU
	EndGlobalSection
	GlobalSection(SolutionProperties) = preSolution
		HideSolutionNode = FALSE
	EndGlobalSection
	GlobalSection(ExtensibilityGlobals) = postSolution
		SolutionGuid = {B3C4951E-5446-4E24-BB76-644AA23A2AEE}
	EndGlobalSection
EndGlobal
